
Microsoft Visual Studio Solution File, Format Version 12.00
# Visual Studio Version 17
VisualStudioVersion = 17.11.35431.28
MinimumVisualStudioVersion = 10.0.40219.1
Project("{FAE04EC0-301F-11D3-BF4B-00C04F79EFBC}") = "alg", "alg.csproj", "{97166ECF-C1D1-4612-AA46-90420C99EBAC}"
EndProject
Global
	GlobalSection(SolutionConfigurationPlatforms) = preSolution
		Debug|Any CPU = Debug|Any CPU
		Release|Any CPU = Release|Any CPU
	EndGlobalSection
	GlobalSection(ProjectConfigurationPlatforms) = postSolution
		{97166ECF-C1D1-4612-AA46-90420C99EBAC}.Debug|Any CPU.ActiveCfg = Debug|Any CPU
		{97166ECF-C1D1-4612-AA46-90420C99EBAC}.Debug|Any CPU.Build.0 = Debug|Any CPU
		{97166ECF-C1D1-4612-AA46-90420C99EBAC}.Release|Any CPU.ActiveCfg = Release|Any CPU
		{97166ECF-C1D1-4612-AA46-90420C99EBAC}.Release|Any CPU.Build.0 = Release|Any CPU
	EndGlobalSection
	GlobalSection(SolutionProperties) = preSolution
		HideSolutionNode = FALSE
	EndGlobalSection
	GlobalSection(ExtensibilityGlobals) = postSolution
		SolutionGuid = {6CAD78F1-29C7-4824-9176-B9CB7ADBD14B}
	EndGlobalSection
EndGlobal
